// !$*UTF8*$!
{
	archiveVersion = 1;
	classes = {
	};
	objectVersion = 50;
	objects = {

/* Begin PBXBuildFile section */
		26EF8F8E28F218A4008727CD /* Roboto-Bold.ttf in Resources */ = {isa = PBXBuildFile; fileRef = 26EF8F8A28F218A4008727CD /* Roboto-Bold.ttf */; };
		26EF8F8F28F218A4008727CD /* Roboto-Italic.ttf in Resources */ = {isa = PBXBuildFile; fileRef = 26EF8F8B28F218A4008727CD /* Roboto-Italic.ttf */; };
		26EF8F9028F218A4008727CD /* Roboto-Regular.ttf in Resources */ = {isa = PBXBuildFile; fileRef = 26EF8F8C28F218A4008727CD /* Roboto-Regular.ttf */; };
		26EF8F9128F218A4008727CD /* Roboto-Black.ttf in Resources */ = {isa = PBXBuildFile; fileRef = 26EF8F8D28F218A4008727CD /* Roboto-Black.ttf */; };
		26EF8F9528F34C83008727CD /* DetallesPerroController.swift in Sources */ = {isa = PBXBuildFile; fileRef = 26EF8F9428F34C83008727CD /* DetallesPerroController.swift */; };
		3D0F384C28EC8E260058795E /* PerrosController.swift in Sources */ = {isa = PBXBuildFile; fileRef = 3D0F384B28EC8E260058795E /* PerrosController.swift */; };
		3D0F384E28EC8FD70058795E /* Perro.swift in Sources */ = {isa = PBXBuildFile; fileRef = 3D0F384D28EC8FD70058795E /* Perro.swift */; };
		3D0F385028EC92600058795E /* CeldaPerroController.swift in Sources */ = {isa = PBXBuildFile; fileRef = 3D0F384F28EC92600058795E /* CeldaPerroController.swift */; };
		3DAE1EC728E5F5B20036AD6E /* AppDelegate.swift in Sources */ = {isa = PBXBuildFile; fileRef = 3DAE1EC628E5F5B20036AD6E /* AppDelegate.swift */; };
		3DAE1EC928E5F5B20036AD6E /* ViewController.swift in Sources */ = {isa = PBXBuildFile; fileRef = 3DAE1EC828E5F5B20036AD6E /* ViewController.swift */; };
		3DAE1ECC28E5F5B20036AD6E /* Main.storyboard in Resources */ = {isa = PBXBuildFile; fileRef = 3DAE1ECA28E5F5B20036AD6E /* Main.storyboard */; };
		3DAE1ECE28E5F5B40036AD6E /* Assets.xcassets in Resources */ = {isa = PBXBuildFile; fileRef = 3DAE1ECD28E5F5B40036AD6E /* Assets.xcassets */; };
		3DAE1ED128E5F5B40036AD6E /* LaunchScreen.storyboard in Resources */ = {isa = PBXBuildFile; fileRef = 3DAE1ECF28E5F5B40036AD6E /* LaunchScreen.storyboard */; };
		3DAE1EDC28E5F5B40036AD6E /* ProyectoParcial2Tests.swift in Sources */ = {isa = PBXBuildFile; fileRef = 3DAE1EDB28E5F5B40036AD6E /* ProyectoParcial2Tests.swift */; };
		3DAE1EE728E5F5B40036AD6E /* ProyectoParcial2UITests.swift in Sources */ = {isa = PBXBuildFile; fileRef = 3DAE1EE628E5F5B40036AD6E /* ProyectoParcial2UITests.swift */; };
		3DB7961B28EF2A430004B196 /* Dato.swift in Sources */ = {isa = PBXBuildFile; fileRef = 3DB7961A28EF2A430004B196 /* Dato.swift */; };
		3DB7961D28EF2B560004B196 /* CeldaDatoController.swift in Sources */ = {isa = PBXBuildFile; fileRef = 3DB7961C28EF2B560004B196 /* CeldaDatoController.swift */; };
/* End PBXBuildFile section */

/* Begin PBXContainerItemProxy section */
		3DAE1ED828E5F5B40036AD6E /* PBXContainerItemProxy */ = {
			isa = PBXContainerItemProxy;
			containerPortal = 3DAE1EBB28E5F5B20036AD6E /* Project object */;
			proxyType = 1;
			remoteGlobalIDString = 3DAE1EC228E5F5B20036AD6E;
			remoteInfo = ProyectoParcial2;
		};
		3DAE1EE328E5F5B40036AD6E /* PBXContainerItemProxy */ = {
			isa = PBXContainerItemProxy;
			containerPortal = 3DAE1EBB28E5F5B20036AD6E /* Project object */;
			proxyType = 1;
			remoteGlobalIDString = 3DAE1EC228E5F5B20036AD6E;
			remoteInfo = ProyectoParcial2;
		};
/* End PBXContainerItemProxy section */

/* Begin PBXFileReference section */
		26EF8F8A28F218A4008727CD /* Roboto-Bold.ttf */ = {isa = PBXFileReference; lastKnownFileType = file; path = "Roboto-Bold.ttf"; sourceTree = "<group>"; };
		26EF8F8B28F218A4008727CD /* Roboto-Italic.ttf */ = {isa = PBXFileReference; lastKnownFileType = file; path = "Roboto-Italic.ttf"; sourceTree = "<group>"; };
		26EF8F8C28F218A4008727CD /* Roboto-Regular.ttf */ = {isa = PBXFileReference; lastKnownFileType = file; path = "Roboto-Regular.ttf"; sourceTree = "<group>"; };
		26EF8F8D28F218A4008727CD /* Roboto-Black.ttf */ = {isa = PBXFileReference; lastKnownFileType = file; path = "Roboto-Black.ttf"; sourceTree = "<group>"; };
		26EF8F9428F34C83008727CD /* DetallesPerroController.swift */ = {isa = PBXFileReference; fileEncoding = 4; lastKnownFileType = sourcecode.swift; path = DetallesPerroController.swift; sourceTree = "<group>"; };
		3D0F384B28EC8E260058795E /* PerrosController.swift */ = {isa = PBXFileReference; lastKnownFileType = sourcecode.swift; path = PerrosController.swift; sourceTree = "<group>"; };
		3D0F384D28EC8FD70058795E /* Perro.swift */ = {isa = PBXFileReference; lastKnownFileType = sourcecode.swift; path = Perro.swift; sourceTree = "<group>"; };
		3D0F384F28EC92600058795E /* CeldaPerroController.swift */ = {isa = PBXFileReference; lastKnownFileType = sourcecode.swift; path = CeldaPerroController.swift; sourceTree = "<group>"; };
		3DAE1EC328E5F5B20036AD6E /* ProyectoParcial2.app */ = {isa = PBXFileReference; explicitFileType = wrapper.application; includeInIndex = 0; path = ProyectoParcial2.app; sourceTree = BUILT_PRODUCTS_DIR; };
		3DAE1EC628E5F5B20036AD6E /* AppDelegate.swift */ = {isa = PBXFileReference; lastKnownFileType = sourcecode.swift; path = AppDelegate.swift; sourceTree = "<group>"; };
		3DAE1EC828E5F5B20036AD6E /* ViewController.swift */ = {isa = PBXFileReference; lastKnownFileType = sourcecode.swift; path = ViewController.swift; sourceTree = "<group>"; };
		3DAE1ECB28E5F5B20036AD6E /* Base */ = {isa = PBXFileReference; lastKnownFileType = file.storyboard; name = Base; path = Base.lproj/Main.storyboard; sourceTree = "<group>"; };
		3DAE1ECD28E5F5B40036AD6E /* Assets.xcassets */ = {isa = PBXFileReference; lastKnownFileType = folder.assetcatalog; path = Assets.xcassets; sourceTree = "<group>"; };
		3DAE1ED028E5F5B40036AD6E /* Base */ = {isa = PBXFileReference; lastKnownFileType = file.storyboard; name = Base; path = Base.lproj/LaunchScreen.storyboard; sourceTree = "<group>"; };
		3DAE1ED228E5F5B40036AD6E /* Info.plist */ = {isa = PBXFileReference; lastKnownFileType = text.plist.xml; path = Info.plist; sourceTree = "<group>"; };
		3DAE1ED728E5F5B40036AD6E /* ProyectoParcial2Tests.xctest */ = {isa = PBXFileReference; explicitFileType = wrapper.cfbundle; includeInIndex = 0; path = ProyectoParcial2Tests.xctest; sourceTree = BUILT_PRODUCTS_DIR; };
		3DAE1EDB28E5F5B40036AD6E /* ProyectoParcial2Tests.swift */ = {isa = PBXFileReference; lastKnownFileType = sourcecode.swift; path = ProyectoParcial2Tests.swift; sourceTree = "<group>"; };
		3DAE1EDD28E5F5B40036AD6E /* Info.plist */ = {isa = PBXFileReference; lastKnownFileType = text.plist.xml; path = Info.plist; sourceTree = "<group>"; };
		3DAE1EE228E5F5B40036AD6E /* ProyectoParcial2UITests.xctest */ = {isa = PBXFileReference; explicitFileType = wrapper.cfbundle; includeInIndex = 0; path = ProyectoParcial2UITests.xctest; sourceTree = BUILT_PRODUCTS_DIR; };
		3DAE1EE628E5F5B40036AD6E /* ProyectoParcial2UITests.swift */ = {isa = PBXFileReference; lastKnownFileType = sourcecode.swift; path = ProyectoParcial2UITests.swift; sourceTree = "<group>"; };
		3DAE1EE828E5F5B40036AD6E /* Info.plist */ = {isa = PBXFileReference; lastKnownFileType = text.plist.xml; path = Info.plist; sourceTree = "<group>"; };
		3DB7961A28EF2A430004B196 /* Dato.swift */ = {isa = PBXFileReference; lastKnownFileType = sourcecode.swift; path = Dato.swift; sourceTree = "<group>"; };
		3DB7961C28EF2B560004B196 /* CeldaDatoController.swift */ = {isa = PBXFileReference; lastKnownFileType = sourcecode.swift; path = CeldaDatoController.swift; sourceTree = "<group>"; };
/* End PBXFileReference section */

/* Begin PBXFrameworksBuildPhase section */
		3DAE1EC028E5F5B20036AD6E /* Frameworks */ = {
			isa = PBXFrameworksBuildPhase;
			buildActionMask = 2147483647;
			files = (
			);
			runOnlyForDeploymentPostprocessing = 0;
		};
		3DAE1ED428E5F5B40036AD6E /* Frameworks */ = {
			isa = PBXFrameworksBuildPhase;
			buildActionMask = 2147483647;
			files = (
			);
			runOnlyForDeploymentPostprocessing = 0;
		};
		3DAE1EDF28E5F5B40036AD6E /* Frameworks */ = {
			isa = PBXFrameworksBuildPhase;
			buildActionMask = 2147483647;
			files = (
			);
			runOnlyForDeploymentPostprocessing = 0;
		};
/* End PBXFrameworksBuildPhase section */

/* Begin PBXGroup section */
		3DAE1EBA28E5F5B20036AD6E = {
			isa = PBXGroup;
			children = (
				3DAE1EC528E5F5B20036AD6E /* ProyectoParcial2 */,
				3DAE1EDA28E5F5B40036AD6E /* ProyectoParcial2Tests */,
				3DAE1EE528E5F5B40036AD6E /* ProyectoParcial2UITests */,
				3DAE1EC428E5F5B20036AD6E /* Products */,
			);
			sourceTree = "<group>";
		};
		3DAE1EC428E5F5B20036AD6E /* Products */ = {
			isa = PBXGroup;
			children = (
				3DAE1EC328E5F5B20036AD6E /* ProyectoParcial2.app */,
				3DAE1ED728E5F5B40036AD6E /* ProyectoParcial2Tests.xctest */,
				3DAE1EE228E5F5B40036AD6E /* ProyectoParcial2UITests.xctest */,
			);
			name = Products;
			sourceTree = "<group>";
		};
		3DAE1EC528E5F5B20036AD6E /* ProyectoParcial2 */ = {
			isa = PBXGroup;
			children = (
				26EF8F8D28F218A4008727CD /* Roboto-Black.ttf */,
				26EF8F8A28F218A4008727CD /* Roboto-Bold.ttf */,
				26EF8F8B28F218A4008727CD /* Roboto-Italic.ttf */,
				26EF8F8C28F218A4008727CD /* Roboto-Regular.ttf */,
				3DAE1EC628E5F5B20036AD6E /* AppDelegate.swift */,
				3DAE1EC828E5F5B20036AD6E /* ViewController.swift */,
				3DAE1ECA28E5F5B20036AD6E /* Main.storyboard */,
				3DAE1ECD28E5F5B40036AD6E /* Assets.xcassets */,
				3DAE1ECF28E5F5B40036AD6E /* LaunchScreen.storyboard */,
				3DAE1ED228E5F5B40036AD6E /* Info.plist */,
				26EF8F9428F34C83008727CD /* DetallesPerroController.swift */,
				3D0F384B28EC8E260058795E /* PerrosController.swift */,
				3D0F384D28EC8FD70058795E /* Perro.swift */,
				3D0F384F28EC92600058795E /* CeldaPerroController.swift */,
				3DB7961A28EF2A430004B196 /* Dato.swift */,
				3DB7961C28EF2B560004B196 /* CeldaDatoController.swift */,
			);
			path = ProyectoParcial2;
			sourceTree = "<group>";
		};
		3DAE1EDA28E5F5B40036AD6E /* ProyectoParcial2Tests */ = {
			isa = PBXGroup;
			children = (
				3DAE1EDB28E5F5B40036AD6E /* ProyectoParcial2Tests.swift */,
				3DAE1EDD28E5F5B40036AD6E /* Info.plist */,
			);
			path = ProyectoParcial2Tests;
			sourceTree = "<group>";
		};
		3DAE1EE528E5F5B40036AD6E /* ProyectoParcial2UITests */ = {
			isa = PBXGroup;
			children = (
				3DAE1EE628E5F5B40036AD6E /* ProyectoParcial2UITests.swift */,
				3DAE1EE828E5F5B40036AD6E /* Info.plist */,
			);
			path = ProyectoParcial2UITests;
			sourceTree = "<group>";
		};
/* End PBXGroup section */

/* Begin PBXNativeTarget section */
		3DAE1EC228E5F5B20036AD6E /* ProyectoParcial2 */ = {
			isa = PBXNativeTarget;
			buildConfigurationList = 3DAE1EEB28E5F5B40036AD6E /* Build configuration list for PBXNativeTarget "ProyectoParcial2" */;
			buildPhases = (
				3DAE1EBF28E5F5B20036AD6E /* Sources */,
				3DAE1EC028E5F5B20036AD6E /* Frameworks */,
				3DAE1EC128E5F5B20036AD6E /* Resources */,
			);
			buildRules = (
			);
			dependencies = (
			);
			name = ProyectoParcial2;
			productName = ProyectoParcial2;
			productReference = 3DAE1EC328E5F5B20036AD6E /* ProyectoParcial2.app */;
			productType = "com.apple.product-type.application";
		};
		3DAE1ED628E5F5B40036AD6E /* ProyectoParcial2Tests */ = {
			isa = PBXNativeTarget;
			buildConfigurationList = 3DAE1EEE28E5F5B40036AD6E /* Build configuration list for PBXNativeTarget "ProyectoParcial2Tests" */;
			buildPhases = (
				3DAE1ED328E5F5B40036AD6E /* Sources */,
				3DAE1ED428E5F5B40036AD6E /* Frameworks */,
				3DAE1ED528E5F5B40036AD6E /* Resources */,
			);
			buildRules = (
			);
			dependencies = (
				3DAE1ED928E5F5B40036AD6E /* PBXTargetDependency */,
			);
			name = ProyectoParcial2Tests;
			productName = ProyectoParcial2Tests;
			productReference = 3DAE1ED728E5F5B40036AD6E /* ProyectoParcial2Tests.xctest */;
			productType = "com.apple.product-type.bundle.unit-test";
		};
		3DAE1EE128E5F5B40036AD6E /* ProyectoParcial2UITests */ = {
			isa = PBXNativeTarget;
			buildConfigurationList = 3DAE1EF128E5F5B40036AD6E /* Build configuration list for PBXNativeTarget "ProyectoParcial2UITests" */;
			buildPhases = (
				3DAE1EDE28E5F5B40036AD6E /* Sources */,
				3DAE1EDF28E5F5B40036AD6E /* Frameworks */,
				3DAE1EE028E5F5B40036AD6E /* Resources */,
			);
			buildRules = (
			);
			dependencies = (
				3DAE1EE428E5F5B40036AD6E /* PBXTargetDependency */,
			);
			name = ProyectoParcial2UITests;
			productName = ProyectoParcial2UITests;
			productReference = 3DAE1EE228E5F5B40036AD6E /* ProyectoParcial2UITests.xctest */;
			productType = "com.apple.product-type.bundle.ui-testing";
		};
/* End PBXNativeTarget section */

/* Begin PBXProject section */
		3DAE1EBB28E5F5B20036AD6E /* Project object */ = {
			isa = PBXProject;
			attributes = {
				LastSwiftUpdateCheck = 1030;
				LastUpgradeCheck = 1030;
				ORGANIZATIONNAME = Alumno;
				TargetAttributes = {
					3DAE1EC228E5F5B20036AD6E = {
						CreatedOnToolsVersion = 10.3;
					};
					3DAE1ED628E5F5B40036AD6E = {
						CreatedOnToolsVersion = 10.3;
						TestTargetID = 3DAE1EC228E5F5B20036AD6E;
					};
					3DAE1EE128E5F5B40036AD6E = {
						CreatedOnToolsVersion = 10.3;
						TestTargetID = 3DAE1EC228E5F5B20036AD6E;
					};
				};
			};
			buildConfigurationList = 3DAE1EBE28E5F5B20036AD6E /* Build configuration list for PBXProject "ProyectoParcial2" */;
			compatibilityVersion = "Xcode 9.3";
			developmentRegion = en;
			hasScannedForEncodings = 0;
			knownRegions = (
				en,
				Base,
			);
			mainGroup = 3DAE1EBA28E5F5B20036AD6E;
			productRefGroup = 3DAE1EC428E5F5B20036AD6E /* Products */;
			projectDirPath = "";
			projectRoot = "";
			targets = (
				3DAE1EC228E5F5B20036AD6E /* ProyectoParcial2 */,
				3DAE1ED628E5F5B40036AD6E /* ProyectoParcial2Tests */,
				3DAE1EE128E5F5B40036AD6E /* ProyectoParcial2UITests */,
			);
		};
/* End PBXProject section */

/* Begin PBXResourcesBuildPhase section */
		3DAE1EC128E5F5B20036AD6E /* Resources */ = {
			isa = PBXResourcesBuildPhase;
			buildActionMask = 2147483647;
			files = (
				26EF8F9028F218A4008727CD /* Roboto-Regular.ttf in Resources */,
				3DAE1ED128E5F5B40036AD6E /* LaunchScreen.storyboard in Resources */,
				3DAE1ECE28E5F5B40036AD6E /* Assets.xcassets in Resources */,
				26EF8F8F28F218A4008727CD /* Roboto-Italic.ttf in Resources */,
				26EF8F9128F218A4008727CD /* Roboto-Black.ttf in Resources */,
				26EF8F8E28F218A4008727CD /* Roboto-Bold.ttf in Resources */,
				3DAE1ECC28E5F5B20036AD6E /* Main.storyboard in Resources */,
			);
			runOnlyForDeploymentPostprocessing = 0;
		};
		3DAE1ED528E5F5B40036AD6E /* Resources */ = {
			isa = PBXResourcesBuildPhase;
			buildActionMask = 2147483647;
			files = (
			);
			runOnlyForDeploymentPostprocessing = 0;
		};
		3DAE1EE028E5F5B40036AD6E /* Resources */ = {
			isa = PBXResourcesBuildPhase;
			buildActionMask = 2147483647;
			files = (
			);
			runOnlyForDeploymentPostprocessing = 0;
		};
/* End PBXResourcesBuildPhase section */

/* Begin PBXSourcesBuildPhase section */
		3DAE1EBF28E5F5B20036AD6E /* Sources */ = {
			isa = PBXSourcesBuildPhase;
			buildActionMask = 2147483647;
			files = (
				3DAE1EC928E5F5B20036AD6E /* ViewController.swift in Sources */,
				3DB7961D28EF2B560004B196 /* CeldaDatoController.swift in Sources */,
				26EF8F9528F34C83008727CD /* DetallesPerroController.swift in Sources */,
				3D0F384C28EC8E260058795E /* PerrosController.swift in Sources */,
				3D0F385028EC92600058795E /* CeldaPerroController.swift in Sources */,
				3DB7961B28EF2A430004B196 /* Dato.swift in Sources */,
				3D0F384E28EC8FD70058795E /* Perro.swift in Sources */,
				3DAE1EC728E5F5B20036AD6E /* AppDelegate.swift in Sources */,
			);
			runOnlyForDeploymentPostprocessing = 0;
		};
		3DAE1ED328E5F5B40036AD6E /* Sources */ = {
			isa = PBXSourcesBuildPhase;
			buildActionMask = 2147483647;
			files = (
				3DAE1EDC28E5F5B40036AD6E /* ProyectoParcial2Tests.swift in Sources */,
			);
			runOnlyForDeploymentPostprocessing = 0;
		};
		3DAE1EDE28E5F5B40036AD6E /* Sources */ = {
			isa = PBXSourcesBuildPhase;
			buildActionMask = 2147483647;
			files = (
				3DAE1EE728E5F5B40036AD6E /* ProyectoParcial2UITests.swift in Sources */,
			);
			runOnlyForDeploymentPostprocessing = 0;
		};
/* End PBXSourcesBuildPhase section */

/* Begin PBXTargetDependency section */
		3DAE1ED928E5F5B40036AD6E /* PBXTargetDependency */ = {
			isa = PBXTargetDependency;
			target = 3DAE1EC228E5F5B20036AD6E /* ProyectoParcial2 */;
			targetProxy = 3DAE1ED828E5F5B40036AD6E /* PBXContainerItemProxy */;
		};
		3DAE1EE428E5F5B40036AD6E /* PBXTargetDependency */ = {
			isa = PBXTargetDependency;
			target = 3DAE1EC228E5F5B20036AD6E /* ProyectoParcial2 */;
			targetProxy = 3DAE1EE328E5F5B40036AD6E /* PBXContainerItemProxy */;
		};
/* End PBXTargetDependency section */

/* Begin PBXVariantGroup section */
		3DAE1ECA28E5F5B20036AD6E /* Main.storyboard */ = {
			isa = PBXVariantGroup;
			children = (
				3DAE1ECB28E5F5B20036AD6E /* Base */,
			);
			name = Main.storyboard;
			sourceTree = "<group>";
		};
		3DAE1ECF28E5F5B40036AD6E /* LaunchScreen.storyboard */ = {
			isa = PBXVariantGroup;
			children = (
				3DAE1ED028E5F5B40036AD6E /* Base */,
			);
			name = LaunchScreen.storyboard;
			sourceTree = "<group>";
		};
/* End PBXVariantGroup section */

/* Begin XCBuildConfiguration section */
		3DAE1EE928E5F5B40036AD6E /* Debug */ = {
			isa = XCBuildConfiguration;
			buildSettings = {
				ALWAYS_SEARCH_USER_PATHS = NO;
				CLANG_ANALYZER_NONNULL = YES;
				CLANG_ANALYZER_NUMBER_OBJECT_CONVERSION = YES_AGGRESSIVE;
				CLANG_CXX_LANGUAGE_STANDARD = "gnu++14";
				CLANG_CXX_LIBRARY = "libc++";
				CLANG_ENABLE_MODULES = YES;
				CLANG_ENABLE_OBJC_ARC = YES;
				CLANG_ENABLE_OBJC_WEAK = YES;
				CLANG_WARN_BLOCK_CAPTURE_AUTORELEASING = YES;
				CLANG_WARN_BOOL_CONVERSION = YES;
				CLANG_WARN_COMMA = YES;
				CLANG_WARN_CONSTANT_CONVERSION = YES;
				CLANG_WARN_DEPRECATED_OBJC_IMPLEMENTATIONS = YES;
				CLANG_WARN_DIRECT_OBJC_ISA_USAGE = YES_ERROR;
				CLANG_WARN_DOCUMENTATION_COMMENTS = YES;
				CLANG_WARN_EMPTY_BODY = YES;
				CLANG_WARN_ENUM_CONVERSION = YES;
				CLANG_WARN_INFINITE_RECURSION = YES;
				CLANG_WARN_INT_CONVERSION = YES;
				CLANG_WARN_NON_LITERAL_NULL_CONVERSION = YES;
				CLANG_WARN_OBJC_IMPLICIT_RETAIN_SELF = YES;
				CLANG_WARN_OBJC_LITERAL_CONVERSION = YES;
				CLANG_WARN_OBJC_ROOT_CLASS = YES_ERROR;
				CLANG_WARN_RANGE_LOOP_ANALYSIS = YES;
				CLANG_WARN_STRICT_PROTOTYPES = YES;
				CLANG_WARN_SUSPICIOUS_MOVE = YES;
				CLANG_WARN_UNGUARDED_AVAILABILITY = YES_AGGRESSIVE;
				CLANG_WARN_UNREACHABLE_CODE = YES;
				CLANG_WARN__DUPLICATE_METHOD_MATCH = YES;
				CODE_SIGN_IDENTITY = "iPhone Developer";
				COPY_PHASE_STRIP = NO;
				DEBUG_INFORMATION_FORMAT = dwarf;
				ENABLE_STRICT_OBJC_MSGSEND = YES;
				ENABLE_TESTABILITY = YES;
				GCC_C_LANGUAGE_STANDARD = gnu11;
				GCC_DYNAMIC_NO_PIC = NO;
				GCC_NO_COMMON_BLOCKS = YES;
				GCC_OPTIMIZATION_LEVEL = 0;
				GCC_PREPROCESSOR_DEFINITIONS = (
					"DEBUG=1",
					"$(inherited)",
				);
				GCC_WARN_64_TO_32_BIT_CONVERSION = YES;
				GCC_WARN_ABOUT_RETURN_TYPE = YES_ERROR;
				GCC_WARN_UNDECLARED_SELECTOR = YES;
				GCC_WARN_UNINITIALIZED_AUTOS = YES_AGGRESSIVE;
				GCC_WARN_UNUSED_FUNCTION = YES;
				GCC_WARN_UNUSED_VARIABLE = YES;
				IPHONEOS_DEPLOYMENT_TARGET = 12.4;
				MTL_ENABLE_DEBUG_INFO = INCLUDE_SOURCE;
				MTL_FAST_MATH = YES;
				ONLY_ACTIVE_ARCH = YES;
				SDKROOT = iphoneos;
				SWIFT_ACTIVE_COMPILATION_CONDITIONS = DEBUG;
				SWIFT_OPTIMIZATION_LEVEL = "-Onone";
			};
			name = Debug;
		};
		3DAE1EEA28E5F5B40036AD6E /* Release */ = {
			isa = XCBuildConfiguration;
			buildSettings = {
				ALWAYS_SEARCH_USER_PATHS = NO;
				CLANG_ANALYZER_NONNULL = YES;
				CLANG_ANALYZER_NUMBER_OBJECT_CONVERSION = YES_AGGRESSIVE;
				CLANG_CXX_LANGUAGE_STANDARD = "gnu++14";
				CLANG_CXX_LIBRARY = "libc++";
				CLANG_ENABLE_MODULES = YES;
				CLANG_ENABLE_OBJC_ARC = YES;
				CLANG_ENABLE_OBJC_WEAK = YES;
				CLANG_WARN_BLOCK_CAPTURE_AUTORELEASING = YES;
				CLANG_WARN_BOOL_CONVERSION = YES;
				CLANG_WARN_COMMA = YES;
				CLANG_WARN_CONSTANT_CONVERSION = YES;
				CLANG_WARN_DEPRECATED_OBJC_IMPLEMENTATIONS = YES;
				CLANG_WARN_DIRECT_OBJC_ISA_USAGE = YES_ERROR;
				CLANG_WARN_DOCUMENTATION_COMMENTS = YES;
				CLANG_WARN_EMPTY_BODY = YES;
				CLANG_WARN_ENUM_CONVERSION = YES;
				CLANG_WARN_INFINITE_RECURSION = YES;
				CLANG_WARN_INT_CONVERSION = YES;
				CLANG_WARN_NON_LITERAL_NULL_CONVERSION = YES;
				CLANG_WARN_OBJC_IMPLICIT_RETAIN_SELF = YES;
				CLANG_WARN_OBJC_LITERAL_CONVERSION = YES;
				CLANG_WARN_OBJC_ROOT_CLASS = YES_ERROR;
				CLANG_WARN_RANGE_LOOP_ANALYSIS = YES;
				CLANG_WARN_STRICT_PROTOTYPES = YES;
				CLANG_WARN_SUSPICIOUS_MOVE = YES;
				CLANG_WARN_UNGUARDED_AVAILABILITY = YES_AGGRESSIVE;
				CLANG_WARN_UNREACHABLE_CODE = YES;
				CLANG_WARN__DUPLICATE_METHOD_MATCH = YES;
				CODE_SIGN_IDENTITY = "iPhone Developer";
				COPY_PHASE_STRIP = NO;
				DEBUG_INFORMATION_FORMAT = "dwarf-with-dsym";
				ENABLE_NS_ASSERTIONS = NO;
				ENABLE_STRICT_OBJC_MSGSEND = YES;
				GCC_C_LANGUAGE_STANDARD = gnu11;
				GCC_NO_COMMON_BLOCKS = YES;
				GCC_WARN_64_TO_32_BIT_CONVERSION = YES;
				GCC_WARN_ABOUT_RETURN_TYPE = YES_ERROR;
				GCC_WARN_UNDECLARED_SELECTOR = YES;
				GCC_WARN_UNINITIALIZED_AUTOS = YES_AGGRESSIVE;
				GCC_WARN_UNUSED_FUNCTION = YES;
				GCC_WARN_UNUSED_VARIABLE = YES;
				IPHONEOS_DEPLOYMENT_TARGET = 12.4;
				MTL_ENABLE_DEBUG_INFO = NO;
				MTL_FAST_MATH = YES;
				SDKROOT = iphoneos;
				SWIFT_COMPILATION_MODE = wholemodule;
				SWIFT_OPTIMIZATION_LEVEL = "-O";
				VALIDATE_PRODUCT = YES;
			};
			name = Release;
		};
		3DAE1EEC28E5F5B40036AD6E /* Debug */ = {
			isa = XCBuildConfiguration;
			buildSettings = {
				ASSETCATALOG_COMPILER_APPICON_NAME = AppIcon;
				CODE_SIGN_STYLE = Automatic;
				INFOPLIST_FILE = ProyectoParcial2/Info.plist;
				IPHONEOS_DEPLOYMENT_TARGET = 13.2;
				LD_RUNPATH_SEARCH_PATHS = (
					"$(inherited)",
					"@executable_path/Frameworks",
				);
				PRODUCT_BUNDLE_IDENTIFIER = edu.ulsa.ProyectoParcial2;
				PRODUCT_NAME = "$(TARGET_NAME)";
				SWIFT_VERSION = 5.0;
				TARGETED_DEVICE_FAMILY = "1,2";
			};
			name = Debug;
		};
		3DAE1EED28E5F5B40036AD6E /* Release */ = {
			isa = XCBuildConfiguration;
			buildSettings = {
				ASSETCATALOG_COMPILER_APPICON_NAME = AppIcon;
				CODE_SIGN_STYLE = Automatic;
				INFOPLIST_FILE = ProyectoParcial2/Info.plist;
				IPHONEOS_DEPLOYMENT_TARGET = 13.2;
				LD_RUNPATH_SEARCH_PATHS = (
					"$(inherited)",
					"@executable_path/Frameworks",
				);
				PRODUCT_BUNDLE_IDENTIFIER = edu.ulsa.ProyectoParcial2;
				PRODUCT_NAME = "$(TARGET_NAME)";
				SWIFT_VERSION = 5.0;
				TARGETED_DEVICE_FAMILY = "1,2";
			};
			name = Release;
		};
		3DAE1EEF28E5F5B40036AD6E /* Debug */ = {
			isa = XCBuildConfiguration;
			buildSettings = {
				ALWAYS_EMBED_SWIFT_STANDARD_LIBRARIES = YES;
				BUNDLE_LOADER = "$(TEST_HOST)";
				CODE_SIGN_STYLE = Automatic;
				INFOPLIST_FILE = ProyectoParcial2Tests/Info.plist;
				LD_RUNPATH_SEARCH_PATHS = (
					"$(inherited)",
					"@executable_path/Frameworks",
					"@loader_path/Frameworks",
				);
				PRODUCT_BUNDLE_IDENTIFIER = edu.ulsa.ProyectoParcial2Tests;
				PRODUCT_NAME = "$(TARGET_NAME)";
				SWIFT_VERSION = 5.0;
				TARGETED_DEVICE_FAMILY = "1,2";
				TEST_HOST = "$(BUILT_PRODUCTS_DIR)/ProyectoParcial2.app/ProyectoParcial2";
			};
			name = Debug;
		};
		3DAE1EF028E5F5B40036AD6E /* Release */ = {
			isa = XCBuildConfiguration;
			buildSettings = {
				ALWAYS_EMBED_SWIFT_STANDARD_LIBRARIES = YES;
				BUNDLE_LOADER = "$(TEST_HOST)";
				CODE_SIGN_STYLE = Automatic;
				INFOPLIST_FILE = ProyectoParcial2Tests/Info.plist;
				LD_RUNPATH_SEARCH_PATHS = (
					"$(inherited)",
					"@executable_path/Frameworks",
					"@loader_path/Frameworks",
				);
				PRODUCT_BUNDLE_IDENTIFIER = edu.ulsa.ProyectoParcial2Tests;
				PRODUCT_NAME = "$(TARGET_NAME)";
				SWIFT_VERSION = 5.0;
				TARGETED_DEVICE_FAMILY = "1,2";
				TEST_HOST = "$(BUILT_PRODUCTS_DIR)/ProyectoParcial2.app/ProyectoParcial2";
			};
			name = Release;
		};
		3DAE1EF228E5F5B40036AD6E /* Debug */ = {
			isa = XCBuildConfiguration;
			buildSettings = {
				ALWAYS_EMBED_SWIFT_STANDARD_LIBRARIES = YES;
				CODE_SIGN_STYLE = Automatic;
				INFOPLIST_FILE = ProyectoParcial2UITests/Info.plist;
				LD_RUNPATH_SEARCH_PATHS = (
					"$(inherited)",
					"@executable_path/Frameworks",
					"@loader_path/Frameworks",
				);
				PRODUCT_BUNDLE_IDENTIFIER = edu.ulsa.ProyectoParcial2UITests;
				PRODUCT_NAME = "$(TARGET_NAME)";
				SWIFT_VERSION = 5.0;
				TARGETED_DEVICE_FAMILY = "1,2";
				TEST_TARGET_NAME = ProyectoParcial2;
			};
			name = Debug;
		};
		3DAE1EF328E5F5B40036AD6E /* Release */ = {
			isa = XCBuildConfiguration;
			buildSettings = {
				ALWAYS_EMBED_SWIFT_STANDARD_LIBRARIES = YES;
				CODE_SIGN_STYLE = Automatic;
				INFOPLIST_FILE = ProyectoParcial2UITests/Info.plist;
				LD_RUNPATH_SEARCH_PATHS = (
					"$(inherited)",
					"@executable_path/Frameworks",
					"@loader_path/Frameworks",
				);
				PRODUCT_BUNDLE_IDENTIFIER = edu.ulsa.ProyectoParcial2UITests;
				PRODUCT_NAME = "$(TARGET_NAME)";
				SWIFT_VERSION = 5.0;
				TARGETED_DEVICE_FAMILY = "1,2";
				TEST_TARGET_NAME = ProyectoParcial2;
			};
			name = Release;
		};
/* End XCBuildConfiguration section */

/* Begin XCConfigurationList section */
		3DAE1EBE28E5F5B20036AD6E /* Build configuration list for PBXProject "ProyectoParcial2" */ = {
			isa = XCConfigurationList;
			buildConfigurations = (
				3DAE1EE928E5F5B40036AD6E /* Debug */,
				3DAE1EEA28E5F5B40036AD6E /* Release */,
			);
			defaultConfigurationIsVisible = 0;
			defaultConfigurationName = Release;
		};
		3DAE1EEB28E5F5B40036AD6E /* Build configuration list for PBXNativeTarget "ProyectoParcial2" */ = {
			isa = XCConfigurationList;
			buildConfigurations = (
				3DAE1EEC28E5F5B40036AD6E /* Debug */,
				3DAE1EED28E5F5B40036AD6E /* Release */,
			);
			defaultConfigurationIsVisible = 0;
			defaultConfigurationName = Release;
		};
		3DAE1EEE28E5F5B40036AD6E /* Build configuration list for PBXNativeTarget "ProyectoParcial2Tests" */ = {
			isa = XCConfigurationList;
			buildConfigurations = (
				3DAE1EEF28E5F5B40036AD6E /* Debug */,
				3DAE1EF028E5F5B40036AD6E /* Release */,
			);
			defaultConfigurationIsVisible = 0;
			defaultConfigurationName = Release;
		};
		3DAE1EF128E5F5B40036AD6E /* Build configuration list for PBXNativeTarget "ProyectoParcial2UITests" */ = {
			isa = XCConfigurationList;
			buildConfigurations = (
				3DAE1EF228E5F5B40036AD6E /* Debug */,
				3DAE1EF328E5F5B40036AD6E /* Release */,
			);
			defaultConfigurationIsVisible = 0;
			defaultConfigurationName = Release;
		};
/* End XCConfigurationList section */
	};
	rootObject = 3DAE1EBB28E5F5B20036AD6E /* Project object */;
}
